
Microsoft Visual Studio Solution File, Format Version 12.00
# Visual Studio Version 17
VisualStudioVersion = 17.2.32516.85
MinimumVisualStudioVersion = 10.0.40219.1
Project("{FAE04EC0-301F-11D3-BF4B-00C04F79EFBC}") = "Minimal_API", "Minimal_API\Minimal_API.csproj", "{630D342F-E109-4F78-823A-FE1D78AFBA76}"
EndProject
Global
	GlobalSection(SolutionConfigurationPlatforms) = preSolution
		Debug|Any CPU = Debug|Any CPU
		Release|Any CPU = Release|Any CPU
	EndGlobalSection
	GlobalSection(ProjectConfigurationPlatforms) = postSolution
		{630D342F-E109-4F78-823A-FE1D78AFBA76}.Debug|Any CPU.ActiveCfg = Debug|Any CPU
		{630D342F-E109-4F78-823A-FE1D78AFBA76}.Debug|Any CPU.Build.0 = Debug|Any CPU
		{630D342F-E109-4F78-823A-FE1D78AFBA76}.Release|Any CPU.ActiveCfg = Release|Any CPU
		{630D342F-E109-4F78-823A-FE1D78AFBA76}.Release|Any CPU.Build.0 = Release|Any CPU
	EndGlobalSection
	GlobalSection(SolutionProperties) = preSolution
		HideSolutionNode = FALSE
	EndGlobalSection
	GlobalSection(ExtensibilityGlobals) = postSolution
		SolutionGuid = {22DBA125-1FAE-4405-93A0-911582BF81D1}
	EndGlobalSection
EndGlobal
